
Microsoft Visual Studio Solution File, Format Version 12.00
# Visual Studio Version 16
VisualStudioVersion = 16.0.30204.135
MinimumVisualStudioVersion = 10.0.40219.1
Project("{9A19103F-16F7-4668-BE54-9A1E7A4F7556}") = "Task3", "EPAM_Task3\Task3.csproj", "{F450F2EE-35F5-4E5E-9416-F0B63B281E19}"
EndProject
Project("{9A19103F-16F7-4668-BE54-9A1E7A4F7556}") = "Task3Test", "EPAM_Task3_Test\Task3Test.csproj", "{87D87E4A-427B-4151-91BC-95C28E261254}"
EndProject
Global
	GlobalSection(SolutionConfigurationPlatforms) = preSolution
		Debug|Any CPU = Debug|Any CPU
		Release|Any CPU = Release|Any CPU
	EndGlobalSection
	GlobalSection(ProjectConfigurationPlatforms) = postSolution
		{F450F2EE-35F5-4E5E-9416-F0B63B281E19}.Debug|Any CPU.ActiveCfg = Debug|Any CPU
		{F450F2EE-35F5-4E5E-9416-F0B63B281E19}.Debug|Any CPU.Build.0 = Debug|Any CPU
		{F450F2EE-35F5-4E5E-9416-F0B63B281E19}.Release|Any CPU.ActiveCfg = Release|Any CPU
		{F450F2EE-35F5-4E5E-9416-F0B63B281E19}.Release|Any CPU.Build.0 = Release|Any CPU
		{87D87E4A-427B-4151-91BC-95C28E261254}.Debug|Any CPU.ActiveCfg = Debug|Any CPU
		{87D87E4A-427B-4151-91BC-95C28E261254}.Debug|Any CPU.Build.0 = Debug|Any CPU
		{87D87E4A-427B-4151-91BC-95C28E261254}.Release|Any CPU.ActiveCfg = Release|Any CPU
		{87D87E4A-427B-4151-91BC-95C28E261254}.Release|Any CPU.Build.0 = Release|Any CPU
	EndGlobalSection
	GlobalSection(SolutionProperties) = preSolution
		HideSolutionNode = FALSE
	EndGlobalSection
	GlobalSection(ExtensibilityGlobals) = postSolution
		SolutionGuid = {09F9F1D4-334B-4108-AA46-14A16EB5A3F1}
	EndGlobalSection
EndGlobal
